// !$*UTF8*$!
{
	archiveVersion = 1;
	classes = {
	};
	objectVersion = 50;
	objects = {

/* Begin PBXBuildFile section */
		A457F3912277EB9200877C86 /* AppDelegate.swift in Sources */ = {isa = PBXBuildFile; fileRef = A457F3902277EB9200877C86 /* AppDelegate.swift */; };
		A457F3932277EB9200877C86 /* GameScene.sks in Resources */ = {isa = PBXBuildFile; fileRef = A457F3922277EB9200877C86 /* GameScene.sks */; };
		A457F3972277EB9200877C86 /* GameScene.swift in Sources */ = {isa = PBXBuildFile; fileRef = A457F3962277EB9200877C86 /* GameScene.swift */; };
		A457F3992277EB9200877C86 /* GameViewController.swift in Sources */ = {isa = PBXBuildFile; fileRef = A457F3982277EB9200877C86 /* GameViewController.swift */; };
		A457F39C2277EB9200877C86 /* Main.storyboard in Resources */ = {isa = PBXBuildFile; fileRef = A457F39A2277EB9200877C86 /* Main.storyboard */; };
		A457F39E2277EB9300877C86 /* Assets.xcassets in Resources */ = {isa = PBXBuildFile; fileRef = A457F39D2277EB9300877C86 /* Assets.xcassets */; };
		A457F3A12277EB9300877C86 /* LaunchScreen.storyboard in Resources */ = {isa = PBXBuildFile; fileRef = A457F39F2277EB9300877C86 /* LaunchScreen.storyboard */; };
		A457F3A92277EC4900877C86 /* hitPlayer.sks in Resources */ = {isa = PBXBuildFile; fileRef = A457F3A82277EC4900877C86 /* hitPlayer.sks */; };
		A457F3AB2277EC4F00877C86 /* hitBuilding.sks in Resources */ = {isa = PBXBuildFile; fileRef = A457F3AA2277EC4F00877C86 /* hitBuilding.sks */; };
/* End PBXBuildFile section */

/* Begin PBXFileReference section */
		A457F38D2277EB9200877C86 /* Gorillas.app */ = {isa = PBXFileReference; explicitFileType = wrapper.application; includeInIndex = 0; path = Gorillas.app; sourceTree = BUILT_PRODUCTS_DIR; };
		A457F3902277EB9200877C86 /* AppDelegate.swift */ = {isa = PBXFileReference; lastKnownFileType = sourcecode.swift; path = AppDelegate.swift; sourceTree = "<group>"; };
		A457F3922277EB9200877C86 /* GameScene.sks */ = {isa = PBXFileReference; lastKnownFileType = file.sks; path = GameScene.sks; sourceTree = "<group>"; };
		A457F3962277EB9200877C86 /* GameScene.swift */ = {isa = PBXFileReference; lastKnownFileType = sourcecode.swift; path = GameScene.swift; sourceTree = "<group>"; };
		A457F3982277EB9200877C86 /* GameViewController.swift */ = {isa = PBXFileReference; lastKnownFileType = sourcecode.swift; path = GameViewController.swift; sourceTree = "<group>"; };
		A457F39B2277EB9200877C86 /* Base */ = {isa = PBXFileReference; lastKnownFileType = file.storyboard; name = Base; path = Base.lproj/Main.storyboard; sourceTree = "<group>"; };
		A457F39D2277EB9300877C86 /* Assets.xcassets */ = {isa = PBXFileReference; lastKnownFileType = folder.assetcatalog; path = Assets.xcassets; sourceTree = "<group>"; };
		A457F3A02277EB9300877C86 /* Base */ = {isa = PBXFileReference; lastKnownFileType = file.storyboard; name = Base; path = Base.lproj/LaunchScreen.storyboard; sourceTree = "<group>"; };
		A457F3A22277EB9300877C86 /* Info.plist */ = {isa = PBXFileReference; lastKnownFileType = text.plist.xml; path = Info.plist; sourceTree = "<group>"; };
		A457F3A82277EC4900877C86 /* hitPlayer.sks */ = {isa = PBXFileReference; lastKnownFileType = file.sks; path = hitPlayer.sks; sourceTree = "<group>"; };
		A457F3AA2277EC4F00877C86 /* hitBuilding.sks */ = {isa = PBXFileReference; lastKnownFileType = file.sks; path = hitBuilding.sks; sourceTree = "<group>"; };
/* End PBXFileReference section */

/* Begin PBXFrameworksBuildPhase section */
		A457F38A2277EB9200877C86 /* Frameworks */ = {
			isa = PBXFrameworksBuildPhase;
			buildActionMask = 2147483647;
			files = (
			);
			runOnlyForDeploymentPostprocessing = 0;
		};
/* End PBXFrameworksBuildPhase section */

/* Begin PBXGroup section */
		A457F3842277EB9200877C86 = {
			isa = PBXGroup;
			children = (
				A457F38F2277EB9200877C86 /* Gorillas */,
				A457F38E2277EB9200877C86 /* Products */,
			);
			sourceTree = "<group>";
		};
		A457F38E2277EB9200877C86 /* Products */ = {
			isa = PBXGroup;
			children = (
				A457F38D2277EB9200877C86 /* Gorillas.app */,
			);
			name = Products;
			sourceTree = "<group>";
		};
		A457F38F2277EB9200877C86 /* Gorillas */ = {
			isa = PBXGroup;
			children = (
				A457F3902277EB9200877C86 /* AppDelegate.swift */,
				A457F3922277EB9200877C86 /* GameScene.sks */,
				A457F3962277EB9200877C86 /* GameScene.swift */,
				A457F3982277EB9200877C86 /* GameViewController.swift */,
				A457F39A2277EB9200877C86 /* Main.storyboard */,
				A457F39D2277EB9300877C86 /* Assets.xcassets */,
				A457F39F2277EB9300877C86 /* LaunchScreen.storyboard */,
				A457F3A22277EB9300877C86 /* Info.plist */,
				A457F3A82277EC4900877C86 /* hitPlayer.sks */,
				A457F3AA2277EC4F00877C86 /* hitBuilding.sks */,
			);
			path = Gorillas;
			sourceTree = "<group>";
		};
/* End PBXGroup section */

/* Begin PBXNativeTarget section */
		A457F38C2277EB9200877C86 /* Gorillas */ = {
			isa = PBXNativeTarget;
			buildConfigurationList = A457F3A52277EB9300877C86 /* Build configuration list for PBXNativeTarget "Gorillas" */;
			buildPhases = (
				A457F3892277EB9200877C86 /* Sources */,
				A457F38A2277EB9200877C86 /* Frameworks */,
				A457F38B2277EB9200877C86 /* Resources */,
			);
			buildRules = (
			);
			dependencies = (
			);
			name = Gorillas;
			productName = Gorillas;
			productReference = A457F38D2277EB9200877C86 /* Gorillas.app */;
			productType = "com.apple.product-type.application";
		};
/* End PBXNativeTarget section */

/* Begin PBXProject section */
		A457F3852277EB9200877C86 /* Project object */ = {
			isa = PBXProject;
			attributes = {
				LastSwiftUpdateCheck = 1020;
				LastUpgradeCheck = 1020;
				ORGANIZATIONNAME = "Prudhvi Gadiraju";
				TargetAttributes = {
					A457F38C2277EB9200877C86 = {
						CreatedOnToolsVersion = 10.2.1;
					};
				};
			};
			buildConfigurationList = A457F3882277EB9200877C86 /* Build configuration list for PBXProject "Gorillas" */;
			compatibilityVersion = "Xcode 9.3";
			developmentRegion = en;
			hasScannedForEncodings = 0;
			knownRegions = (
				en,
				Base,
			);
			mainGroup = A457F3842277EB9200877C86;
			productRefGroup = A457F38E2277EB9200877C86 /* Products */;
			projectDirPath = "";
			projectRoot = "";
			targets = (
				A457F38C2277EB9200877C86 /* Gorillas */,
			);
		};
/* End PBXProject section */

/* Begin PBXResourcesBuildPhase section */
		A457F38B2277EB9200877C86 /* Resources */ = {
			isa = PBXResourcesBuildPhase;
			buildActionMask = 2147483647;
			files = (
				A457F39C2277EB9200877C86 /* Main.storyboard in Resources */,
				A457F3932277EB9200877C86 /* GameScene.sks in Resources */,
				A457F3A92277EC4900877C86 /* hitPlayer.sks in Resources */,
				A457F3AB2277EC4F00877C86 /* hitBuilding.sks in Resources */,
				A457F39E2277EB9300877C86 /* Assets.xcassets in Resources */,
				A457F3A12277EB9300877C86 /* LaunchScreen.storyboard in Resources */,
			);
			runOnlyForDeploymentPostprocessing = 0;
		};
/* End PBXResourcesBuildPhase section */

/* Begin PBXSourcesBuildPhase section */
		A457F3892277EB9200877C86 /* Sources */ = {
			isa = PBXSourcesBuildPhase;
			buildActionMask = 2147483647;
			files = (
				A457F3972277EB9200877C86 /* GameScene.swift in Sources */,
				A457F3992277EB9200877C86 /* GameViewController.swift in Sources */,
				A457F3912277EB9200877C86 /* AppDelegate.swift in Sources */,
			);
			runOnlyForDeploymentPostprocessing = 0;
		};
/* End PBXSourcesBuildPhase section */

/* Begin PBXVariantGroup section */
		A457F39A2277EB9200877C86 /* Main.storyboard */ = {
			isa = PBXVariantGroup;
			children = (
				A457F39B2277EB9200877C86 /* Base */,
			);
			name = Main.storyboard;
			sourceTree = "<group>";
		};
		A457F39F2277EB9300877C86 /* LaunchScreen.storyboard */ = {
			isa = PBXVariantGroup;
			children = (
				A457F3A02277EB9300877C86 /* Base */,
			);
			name = LaunchScreen.storyboard;
			sourceTree = "<group>";
		};
/* End PBXVariantGroup section */

/* Begin XCBuildConfiguration section */
		A457F3A32277EB9300877C86 /* Debug */ = {
			isa = XCBuildConfiguration;
			buildSettings = {
				ALWAYS_SEARCH_USER_PATHS = NO;
				CLANG_ANALYZER_NONNULL = YES;
				CLANG_ANALYZER_NUMBER_OBJECT_CONVERSION = YES_AGGRESSIVE;
				CLANG_CXX_LANGUAGE_STANDARD = "gnu++14";
				CLANG_CXX_LIBRARY = "libc++";
				CLANG_ENABLE_MODULES = YES;
				CLANG_ENABLE_OBJC_ARC = YES;
				CLANG_ENABLE_OBJC_WEAK = YES;
				CLANG_WARN_BLOCK_CAPTURE_AUTORELEASING = YES;
				CLANG_WARN_BOOL_CONVERSION = YES;
				CLANG_WARN_COMMA = YES;
				CLANG_WARN_CONSTANT_CONVERSION = YES;
				CLANG_WARN_DEPRECATED_OBJC_IMPLEMENTATIONS = YES;
				CLANG_WARN_DIRECT_OBJC_ISA_USAGE = YES_ERROR;
				CLANG_WARN_DOCUMENTATION_COMMENTS = YES;
				CLANG_WARN_EMPTY_BODY = YES;
				CLANG_WARN_ENUM_CONVERSION = YES;
				CLANG_WARN_INFINITE_RECURSION = YES;
				CLANG_WARN_INT_CONVERSION = YES;
				CLANG_WARN_NON_LITERAL_NULL_CONVERSION = YES;
				CLANG_WARN_OBJC_IMPLICIT_RETAIN_SELF = YES;
				CLANG_WARN_OBJC_LITERAL_CONVERSION = YES;
				CLANG_WARN_OBJC_ROOT_CLASS = YES_ERROR;
				CLANG_WARN_RANGE_LOOP_ANALYSIS = YES;
				CLANG_WARN_STRICT_PROTOTYPES = YES;
				CLANG_WARN_SUSPICIOUS_MOVE = YES;
				CLANG_WARN_UNGUARDED_AVAILABILITY = YES_AGGRESSIVE;
				CLANG_WARN_UNREACHABLE_CODE = YES;
				CLANG_WARN__DUPLICATE_METHOD_MATCH = YES;
				CODE_SIGN_IDENTITY = "iPhone Developer";
				COPY_PHASE_STRIP = NO;
				DEBUG_INFORMATION_FORMAT = dwarf;
				ENABLE_STRICT_OBJC_MSGSEND = YES;
				ENABLE_TESTABILITY = YES;
				GCC_C_LANGUAGE_STANDARD = gnu11;
				GCC_DYNAMIC_NO_PIC = NO;
				GCC_NO_COMMON_BLOCKS = YES;
				GCC_OPTIMIZATION_LEVEL = 0;
				GCC_PREPROCESSOR_DEFINITIONS = (
					"DEBUG=1",
					"$(inherited)",
				);
				GCC_WARN_64_TO_32_BIT_CONVERSION = YES;
				GCC_WARN_ABOUT_RETURN_TYPE = YES_ERROR;
				GCC_WARN_UNDECLARED_SELECTOR = YES;
				GCC_WARN_UNINITIALIZED_AUTOS = YES_AGGRESSIVE;
				GCC_WARN_UNUSED_FUNCTION = YES;
				GCC_WARN_UNUSED_VARIABLE = YES;
				IPHONEOS_DEPLOYMENT_TARGET = 12.2;
				MTL_ENABLE_DEBUG_INFO = INCLUDE_SOURCE;
				MTL_FAST_MATH = YES;
				ONLY_ACTIVE_ARCH = YES;
				SDKROOT = iphoneos;
				SWIFT_ACTIVE_COMPILATION_CONDITIONS = DEBUG;
				SWIFT_OPTIMIZATION_LEVEL = "-Onone";
			};
			name = Debug;
		};
		A457F3A42277EB9300877C86 /* Release */ = {
			isa = XCBuildConfiguration;
			buildSettings = {
				ALWAYS_SEARCH_USER_PATHS = NO;
				CLANG_ANALYZER_NONNULL = YES;
				CLANG_ANALYZER_NUMBER_OBJECT_CONVERSION = YES_AGGRESSIVE;
				CLANG_CXX_LANGUAGE_STANDARD = "gnu++14";
				CLANG_CXX_LIBRARY = "libc++";
				CLANG_ENABLE_MODULES = YES;
				CLANG_ENABLE_OBJC_ARC = YES;
				CLANG_ENABLE_OBJC_WEAK = YES;
				CLANG_WARN_BLOCK_CAPTURE_AUTORELEASING = YES;
				CLANG_WARN_BOOL_CONVERSION = YES;
				CLANG_WARN_COMMA = YES;
				CLANG_WARN_CONSTANT_CONVERSION = YES;
				CLANG_WARN_DEPRECATED_OBJC_IMPLEMENTATIONS = YES;
				CLANG_WARN_DIRECT_OBJC_ISA_USAGE = YES_ERROR;
				CLANG_WARN_DOCUMENTATION_COMMENTS = YES;
				CLANG_WARN_EMPTY_BODY = YES;
				CLANG_WARN_ENUM_CONVERSION = YES;
				CLANG_WARN_INFINITE_RECURSION = YES;
				CLANG_WARN_INT_CONVERSION = YES;
				CLANG_WARN_NON_LITERAL_NULL_CONVERSION = YES;
				CLANG_WARN_OBJC_IMPLICIT_RETAIN_SELF = YES;
				CLANG_WARN_OBJC_LITERAL_CONVERSION = YES;
				CLANG_WARN_OBJC_ROOT_CLASS = YES_ERROR;
				CLANG_WARN_RANGE_LOOP_ANALYSIS = YES;
				CLANG_WARN_STRICT_PROTOTYPES = YES;
				CLANG_WARN_SUSPICIOUS_MOVE = YES;
				CLANG_WARN_UNGUARDED_AVAILABILITY = YES_AGGRESSIVE;
				CLANG_WARN_UNREACHABLE_CODE = YES;
				CLANG_WARN__DUPLICATE_METHOD_MATCH = YES;
				CODE_SIGN_IDENTITY = "iPhone Developer";
				COPY_PHASE_STRIP = NO;
				DEBUG_INFORMATION_FORMAT = "dwarf-with-dsym";
				ENABLE_NS_ASSERTIONS = NO;
				ENABLE_STRICT_OBJC_MSGSEND = YES;
				GCC_C_LANGUAGE_STANDARD = gnu11;
				GCC_NO_COMMON_BLOCKS = YES;
				GCC_WARN_64_TO_32_BIT_CONVERSION = YES;
				GCC_WARN_ABOUT_RETURN_TYPE = YES_ERROR;
				GCC_WARN_UNDECLARED_SELECTOR = YES;
				GCC_WARN_UNINITIALIZED_AUTOS = YES_AGGRESSIVE;
				GCC_WARN_UNUSED_FUNCTION = YES;
				GCC_WARN_UNUSED_VARIABLE = YES;
				IPHONEOS_DEPLOYMENT_TARGET = 12.2;
				MTL_ENABLE_DEBUG_INFO = NO;
				MTL_FAST_MATH = YES;
				SDKROOT = iphoneos;
				SWIFT_COMPILATION_MODE = wholemodule;
				SWIFT_OPTIMIZATION_LEVEL = "-O";
				VALIDATE_PRODUCT = YES;
			};
			name = Release;
		};
		A457F3A62277EB9300877C86 /* Debug */ = {
			isa = XCBuildConfiguration;
			buildSettings = {
				ASSETCATALOG_COMPILER_APPICON_NAME = AppIcon;
				CODE_SIGN_STYLE = Automatic;
				DEVELOPMENT_TEAM = 4479HNAQMJ;
				INFOPLIST_FILE = Gorillas/Info.plist;
				LD_RUNPATH_SEARCH_PATHS = (
					"$(inherited)",
					"@executable_path/Frameworks",
				);
				PRODUCT_BUNDLE_IDENTIFIER = me.prudhvi.Gorillas;
				PRODUCT_NAME = "$(TARGET_NAME)";
				SWIFT_VERSION = 5.0;
				TARGETED_DEVICE_FAMILY = "1,2";
			};
			name = Debug;
		};
		A457F3A72277EB9300877C86 /* Release */ = {
			isa = XCBuildConfiguration;
			buildSettings = {
				ASSETCATALOG_COMPILER_APPICON_NAME = AppIcon;
				CODE_SIGN_STYLE = Automatic;
				DEVELOPMENT_TEAM = 4479HNAQMJ;
				INFOPLIST_FILE = Gorillas/Info.plist;
				LD_RUNPATH_SEARCH_PATHS = (
					"$(inherited)",
					"@executable_path/Frameworks",
				);
				PRODUCT_BUNDLE_IDENTIFIER = me.prudhvi.Gorillas;
				PRODUCT_NAME = "$(TARGET_NAME)";
				SWIFT_VERSION = 5.0;
				TARGETED_DEVICE_FAMILY = "1,2";
			};
			name = Release;
		};
/* End XCBuildConfiguration section */

/* Begin XCConfigurationList section */
		A457F3882277EB9200877C86 /* Build configuration list for PBXProject "Gorillas" */ = {
			isa = XCConfigurationList;
			buildConfigurations = (
				A457F3A32277EB9300877C86 /* Debug */,
				A457F3A42277EB9300877C86 /* Release */,
			);
			defaultConfigurationIsVisible = 0;
			defaultConfigurationName = Release;
		};
		A457F3A52277EB9300877C86 /* Build configuration list for PBXNativeTarget "Gorillas" */ = {
			isa = XCConfigurationList;
			buildConfigurations = (
				A457F3A62277EB9300877C86 /* Debug */,
				A457F3A72277EB9300877C86 /* Release */,
			);
			defaultConfigurationIsVisible = 0;
			defaultConfigurationName = Release;
		};
/* End XCConfigurationList section */
	};
	rootObject = A457F3852277EB9200877C86 /* Project object */;
}
